// !$*UTF8*$!
{
	archiveVersion = 1;
	classes = {
	};
	objectVersion = 56;
	objects = {

/* Begin PBXBuildFile section */
		953B2B092BD6394A005043A6 /* Assets_Splash.xcassets in Resources */ = {isa = PBXBuildFile; fileRef = 953B2B082BD6394A005043A6 /* Assets_Splash.xcassets */; };
		95A3AD712BD0EE4F00753AC2 /* MemoView.swift in Sources */ = {isa = PBXBuildFile; fileRef = 95A3AD702BD0EE4F00753AC2 /* MemoView.swift */; };
		95A3AD732BD10CE300753AC2 /* SwiftdatListView.swift in Sources */ = {isa = PBXBuildFile; fileRef = 95A3AD722BD10CE300753AC2 /* SwiftdatListView.swift */; };
		95C399262BD20B2100485996 /* SplashView.swift in Sources */ = {isa = PBXBuildFile; fileRef = 95C399252BD20B2100485996 /* SplashView.swift */; };
		95C93F802BCE6CA100260823 /* NC1_App_finalApp.swift in Sources */ = {isa = PBXBuildFile; fileRef = 95C93F7F2BCE6CA100260823 /* NC1_App_finalApp.swift */; };
		95C93FAA2BCE6CAC00260823 /* InputView.swift in Sources */ = {isa = PBXBuildFile; fileRef = 95C93FA92BCE6CAC00260823 /* InputView.swift */; };
		95C93FAC2BCE6CD600260823 /* Ex+View.swift in Sources */ = {isa = PBXBuildFile; fileRef = 95C93FAB2BCE6CD600260823 /* Ex+View.swift */; };
		95C93FAE2BCE6D0800260823 /* OutputView.swift in Sources */ = {isa = PBXBuildFile; fileRef = 95C93FAD2BCE6D0800260823 /* OutputView.swift */; };
		95C93FB22BCE954500260823 /* SuccessView.swift in Sources */ = {isa = PBXBuildFile; fileRef = 95C93FB12BCE954500260823 /* SuccessView.swift */; };
		95C93FB42BCE996300260823 /* MenuAdd.swift in Sources */ = {isa = PBXBuildFile; fileRef = 95C93FB32BCE996300260823 /* MenuAdd.swift */; };
		95C93FB62BCEA40200260823 /* FailureView.swift in Sources */ = {isa = PBXBuildFile; fileRef = 95C93FB52BCEA40200260823 /* FailureView.swift */; };
		95C93FB82BCF546A00260823 /* ListView.swift in Sources */ = {isa = PBXBuildFile; fileRef = 95C93FB72BCF546A00260823 /* ListView.swift */; };
		95CC7C432BD0A2C0005E2CC1 /* TestView.swift in Sources */ = {isa = PBXBuildFile; fileRef = 95CC7C422BD0A2C0005E2CC1 /* TestView.swift */; };
/* End PBXBuildFile section */

/* Begin PBXContainerItemProxy section */
		95C93F8D2BCE6CA200260823 /* PBXContainerItemProxy */ = {
			isa = PBXContainerItemProxy;
			containerPortal = 95C93F742BCE6CA100260823 /* Project object */;
			proxyType = 1;
			remoteGlobalIDString = 95C93F7B2BCE6CA100260823;
			remoteInfo = NC1_App_final;
		};
		95C93F972BCE6CA200260823 /* PBXContainerItemProxy */ = {
			isa = PBXContainerItemProxy;
			containerPortal = 95C93F742BCE6CA100260823 /* Project object */;
			proxyType = 1;
			remoteGlobalIDString = 95C93F7B2BCE6CA100260823;
			remoteInfo = NC1_App_final;
		};
/* End PBXContainerItemProxy section */

/* Begin PBXFileReference section */
		953B2B082BD6394A005043A6 /* Assets_Splash.xcassets */ = {isa = PBXFileReference; lastKnownFileType = folder.assetcatalog; path = Assets_Splash.xcassets; sourceTree = "<group>"; };
		95A3AD702BD0EE4F00753AC2 /* MemoView.swift */ = {isa = PBXFileReference; lastKnownFileType = sourcecode.swift; path = MemoView.swift; sourceTree = "<group>"; };
		95A3AD722BD10CE300753AC2 /* SwiftdatListView.swift */ = {isa = PBXFileReference; lastKnownFileType = sourcecode.swift; path = SwiftdatListView.swift; sourceTree = "<group>"; };
		95C399252BD20B2100485996 /* SplashView.swift */ = {isa = PBXFileReference; lastKnownFileType = sourcecode.swift; path = SplashView.swift; sourceTree = "<group>"; };
		95C93F7C2BCE6CA100260823 /* NC1_App_final.app */ = {isa = PBXFileReference; explicitFileType = wrapper.application; includeInIndex = 0; path = NC1_App_final.app; sourceTree = BUILT_PRODUCTS_DIR; };
		95C93F7F2BCE6CA100260823 /* NC1_App_finalApp.swift */ = {isa = PBXFileReference; lastKnownFileType = sourcecode.swift; path = NC1_App_finalApp.swift; sourceTree = "<group>"; };
		95C93F832BCE6CA200260823 /* Assets.xcassets */ = {isa = PBXFileReference; lastKnownFileType = folder.assetcatalog; path = Assets.xcassets; sourceTree = "<group>"; };
		95C93F862BCE6CA200260823 /* Preview Assets.xcassets */ = {isa = PBXFileReference; lastKnownFileType = folder.assetcatalog; path = "Preview Assets.xcassets"; sourceTree = "<group>"; };
		95C93F8C2BCE6CA200260823 /* NC1_App_finalTests.xctest */ = {isa = PBXFileReference; explicitFileType = wrapper.cfbundle; includeInIndex = 0; path = NC1_App_finalTests.xctest; sourceTree = BUILT_PRODUCTS_DIR; };
		95C93F962BCE6CA200260823 /* NC1_App_finalUITests.xctest */ = {isa = PBXFileReference; explicitFileType = wrapper.cfbundle; includeInIndex = 0; path = NC1_App_finalUITests.xctest; sourceTree = BUILT_PRODUCTS_DIR; };
		95C93FA92BCE6CAC00260823 /* InputView.swift */ = {isa = PBXFileReference; lastKnownFileType = sourcecode.swift; path = InputView.swift; sourceTree = "<group>"; };
		95C93FAB2BCE6CD600260823 /* Ex+View.swift */ = {isa = PBXFileReference; lastKnownFileType = sourcecode.swift; path = "Ex+View.swift"; sourceTree = "<group>"; };
		95C93FAD2BCE6D0800260823 /* OutputView.swift */ = {isa = PBXFileReference; lastKnownFileType = sourcecode.swift; path = OutputView.swift; sourceTree = "<group>"; };
		95C93FB12BCE954500260823 /* SuccessView.swift */ = {isa = PBXFileReference; lastKnownFileType = sourcecode.swift; path = SuccessView.swift; sourceTree = "<group>"; };
		95C93FB32BCE996300260823 /* MenuAdd.swift */ = {isa = PBXFileReference; lastKnownFileType = sourcecode.swift; path = MenuAdd.swift; sourceTree = "<group>"; };
		95C93FB52BCEA40200260823 /* FailureView.swift */ = {isa = PBXFileReference; lastKnownFileType = sourcecode.swift; path = FailureView.swift; sourceTree = "<group>"; };
		95C93FB72BCF546A00260823 /* ListView.swift */ = {isa = PBXFileReference; lastKnownFileType = sourcecode.swift; path = ListView.swift; sourceTree = "<group>"; };
		95CC7C422BD0A2C0005E2CC1 /* TestView.swift */ = {isa = PBXFileReference; lastKnownFileType = sourcecode.swift; path = TestView.swift; sourceTree = "<group>"; };
/* End PBXFileReference section */

/* Begin PBXFrameworksBuildPhase section */
		95C93F792BCE6CA100260823 /* Frameworks */ = {
			isa = PBXFrameworksBuildPhase;
			buildActionMask = 2147483647;
			files = (
			);
			runOnlyForDeploymentPostprocessing = 0;
		};
		95C93F892BCE6CA200260823 /* Frameworks */ = {
			isa = PBXFrameworksBuildPhase;
			buildActionMask = 2147483647;
			files = (
			);
			runOnlyForDeploymentPostprocessing = 0;
		};
		95C93F932BCE6CA200260823 /* Frameworks */ = {
			isa = PBXFrameworksBuildPhase;
			buildActionMask = 2147483647;
			files = (
			);
			runOnlyForDeploymentPostprocessing = 0;
		};
/* End PBXFrameworksBuildPhase section */

/* Begin PBXGroup section */
		95C93F732BCE6CA100260823 = {
			isa = PBXGroup;
			children = (
				953B2B082BD6394A005043A6 /* Assets_Splash.xcassets */,
				95C93F7E2BCE6CA100260823 /* NC1_App_final */,
				95C93F7D2BCE6CA100260823 /* Products */,
			);
			sourceTree = "<group>";
		};
		95C93F7D2BCE6CA100260823 /* Products */ = {
			isa = PBXGroup;
			children = (
				95C93F7C2BCE6CA100260823 /* NC1_App_final.app */,
				95C93F8C2BCE6CA200260823 /* NC1_App_finalTests.xctest */,
				95C93F962BCE6CA200260823 /* NC1_App_finalUITests.xctest */,
			);
			name = Products;
			sourceTree = "<group>";
		};
		95C93F7E2BCE6CA100260823 /* NC1_App_final */ = {
			isa = PBXGroup;
			children = (
				95C93F7F2BCE6CA100260823 /* NC1_App_finalApp.swift */,
				95C93FA92BCE6CAC00260823 /* InputView.swift */,
				95C93FB32BCE996300260823 /* MenuAdd.swift */,
				95C93FAD2BCE6D0800260823 /* OutputView.swift */,
				95C93FB12BCE954500260823 /* SuccessView.swift */,
				95C93FB52BCEA40200260823 /* FailureView.swift */,
				95C93FB72BCF546A00260823 /* ListView.swift */,
				95A3AD722BD10CE300753AC2 /* SwiftdatListView.swift */,
				95CC7C422BD0A2C0005E2CC1 /* TestView.swift */,
				95C399252BD20B2100485996 /* SplashView.swift */,
				95C93FAB2BCE6CD600260823 /* Ex+View.swift */,
				95A3AD702BD0EE4F00753AC2 /* MemoView.swift */,
				95C93F832BCE6CA200260823 /* Assets.xcassets */,
				95C93F852BCE6CA200260823 /* Preview Content */,
			);
			path = NC1_App_final;
			sourceTree = "<group>";
		};
		95C93F852BCE6CA200260823 /* Preview Content */ = {
			isa = PBXGroup;
			children = (
				95C93F862BCE6CA200260823 /* Preview Assets.xcassets */,
			);
			path = "Preview Content";
			sourceTree = "<group>";
		};
/* End PBXGroup section */

/* Begin PBXNativeTarget section */
		95C93F7B2BCE6CA100260823 /* NC1_App_final */ = {
			isa = PBXNativeTarget;
			buildConfigurationList = 95C93FA02BCE6CA200260823 /* Build configuration list for PBXNativeTarget "NC1_App_final" */;
			buildPhases = (
				95C93F782BCE6CA100260823 /* Sources */,
				95C93F792BCE6CA100260823 /* Frameworks */,
				95C93F7A2BCE6CA100260823 /* Resources */,
			);
			buildRules = (
			);
			dependencies = (
			);
			name = NC1_App_final;
			productName = NC1_App_final;
			productReference = 95C93F7C2BCE6CA100260823 /* NC1_App_final.app */;
			productType = "com.apple.product-type.application";
		};
		95C93F8B2BCE6CA200260823 /* NC1_App_finalTests */ = {
			isa = PBXNativeTarget;
			buildConfigurationList = 95C93FA32BCE6CA200260823 /* Build configuration list for PBXNativeTarget "NC1_App_finalTests" */;
			buildPhases = (
				95C93F882BCE6CA200260823 /* Sources */,
				95C93F892BCE6CA200260823 /* Frameworks */,
				95C93F8A2BCE6CA200260823 /* Resources */,
			);
			buildRules = (
			);
			dependencies = (
				95C93F8E2BCE6CA200260823 /* PBXTargetDependency */,
			);
			name = NC1_App_finalTests;
			productName = NC1_App_finalTests;
			productReference = 95C93F8C2BCE6CA200260823 /* NC1_App_finalTests.xctest */;
			productType = "com.apple.product-type.bundle.unit-test";
		};
		95C93F952BCE6CA200260823 /* NC1_App_finalUITests */ = {
			isa = PBXNativeTarget;
			buildConfigurationList = 95C93FA62BCE6CA200260823 /* Build configuration list for PBXNativeTarget "NC1_App_finalUITests" */;
			buildPhases = (
				95C93F922BCE6CA200260823 /* Sources */,
				95C93F932BCE6CA200260823 /* Frameworks */,
				95C93F942BCE6CA200260823 /* Resources */,
			);
			buildRules = (
			);
			dependencies = (
				95C93F982BCE6CA200260823 /* PBXTargetDependency */,
			);
			name = NC1_App_finalUITests;
			productName = NC1_App_finalUITests;
			productReference = 95C93F962BCE6CA200260823 /* NC1_App_finalUITests.xctest */;
			productType = "com.apple.product-type.bundle.ui-testing";
		};
/* End PBXNativeTarget section */

/* Begin PBXProject section */
		95C93F742BCE6CA100260823 /* Project object */ = {
			isa = PBXProject;
			attributes = {
				BuildIndependentTargetsInParallel = 1;
				LastSwiftUpdateCheck = 1520;
				LastUpgradeCheck = 1520;
				TargetAttributes = {
					95C93F7B2BCE6CA100260823 = {
						CreatedOnToolsVersion = 15.2;
					};
					95C93F8B2BCE6CA200260823 = {
						CreatedOnToolsVersion = 15.2;
						TestTargetID = 95C93F7B2BCE6CA100260823;
					};
					95C93F952BCE6CA200260823 = {
						CreatedOnToolsVersion = 15.2;
						TestTargetID = 95C93F7B2BCE6CA100260823;
					};
				};
			};
			buildConfigurationList = 95C93F772BCE6CA100260823 /* Build configuration list for PBXProject "NC1_App_final" */;
			compatibilityVersion = "Xcode 14.0";
			developmentRegion = ko;
			hasScannedForEncodings = 0;
			knownRegions = (
				en,
				Base,
				ko,
			);
			mainGroup = 95C93F732BCE6CA100260823;
			productRefGroup = 95C93F7D2BCE6CA100260823 /* Products */;
			projectDirPath = "";
			projectRoot = "";
			targets = (
				95C93F7B2BCE6CA100260823 /* NC1_App_final */,
				95C93F8B2BCE6CA200260823 /* NC1_App_finalTests */,
				95C93F952BCE6CA200260823 /* NC1_App_finalUITests */,
			);
		};
/* End PBXProject section */

/* Begin PBXResourcesBuildPhase section */
		95C93F7A2BCE6CA100260823 /* Resources */ = {
			isa = PBXResourcesBuildPhase;
			buildActionMask = 2147483647;
			files = (
				953B2B092BD6394A005043A6 /* Assets_Splash.xcassets in Resources */,
			);
			runOnlyForDeploymentPostprocessing = 0;
		};
		95C93F8A2BCE6CA200260823 /* Resources */ = {
			isa = PBXResourcesBuildPhase;
			buildActionMask = 2147483647;
			files = (
			);
			runOnlyForDeploymentPostprocessing = 0;
		};
		95C93F942BCE6CA200260823 /* Resources */ = {
			isa = PBXResourcesBuildPhase;
			buildActionMask = 2147483647;
			files = (
			);
			runOnlyForDeploymentPostprocessing = 0;
		};
/* End PBXResourcesBuildPhase section */

/* Begin PBXSourcesBuildPhase section */
		95C93F782BCE6CA100260823 /* Sources */ = {
			isa = PBXSourcesBuildPhase;
			buildActionMask = 2147483647;
			files = (
				95C93FAE2BCE6D0800260823 /* OutputView.swift in Sources */,
				95C93FAA2BCE6CAC00260823 /* InputView.swift in Sources */,
				95C93FB82BCF546A00260823 /* ListView.swift in Sources */,
				95C93F802BCE6CA100260823 /* NC1_App_finalApp.swift in Sources */,
				95C93FAC2BCE6CD600260823 /* Ex+View.swift in Sources */,
				95CC7C432BD0A2C0005E2CC1 /* TestView.swift in Sources */,
				95C93FB42BCE996300260823 /* MenuAdd.swift in Sources */,
				95C399262BD20B2100485996 /* SplashView.swift in Sources */,
				95C93FB62BCEA40200260823 /* FailureView.swift in Sources */,
				95C93FB22BCE954500260823 /* SuccessView.swift in Sources */,
				95A3AD732BD10CE300753AC2 /* SwiftdatListView.swift in Sources */,
				95A3AD712BD0EE4F00753AC2 /* MemoView.swift in Sources */,
			);
			runOnlyForDeploymentPostprocessing = 0;
		};
		95C93F882BCE6CA200260823 /* Sources */ = {
			isa = PBXSourcesBuildPhase;
			buildActionMask = 2147483647;
			files = (
			);
			runOnlyForDeploymentPostprocessing = 0;
		};
		95C93F922BCE6CA200260823 /* Sources */ = {
			isa = PBXSourcesBuildPhase;
			buildActionMask = 2147483647;
			files = (
			);
			runOnlyForDeploymentPostprocessing = 0;
		};
/* End PBXSourcesBuildPhase section */

/* Begin PBXTargetDependency section */
		95C93F8E2BCE6CA200260823 /* PBXTargetDependency */ = {
			isa = PBXTargetDependency;
			target = 95C93F7B2BCE6CA100260823 /* NC1_App_final */;
			targetProxy = 95C93F8D2BCE6CA200260823 /* PBXContainerItemProxy */;
		};
		95C93F982BCE6CA200260823 /* PBXTargetDependency */ = {
			isa = PBXTargetDependency;
			target = 95C93F7B2BCE6CA100260823 /* NC1_App_final */;
			targetProxy = 95C93F972BCE6CA200260823 /* PBXContainerItemProxy */;
		};
/* End PBXTargetDependency section */

/* Begin XCBuildConfiguration section */
		95C93F9E2BCE6CA200260823 /* Debug */ = {
			isa = XCBuildConfiguration;
			buildSettings = {
				ALWAYS_SEARCH_USER_PATHS = NO;
				ASSETCATALOG_COMPILER_GENERATE_SWIFT_ASSET_SYMBOL_EXTENSIONS = YES;
				CLANG_ANALYZER_NONNULL = YES;
				CLANG_ANALYZER_NUMBER_OBJECT_CONVERSION = YES_AGGRESSIVE;
				CLANG_CXX_LANGUAGE_STANDARD = "gnu++20";
				CLANG_ENABLE_MODULES = YES;
				CLANG_ENABLE_OBJC_ARC = YES;
				CLANG_ENABLE_OBJC_WEAK = YES;
				CLANG_WARN_BLOCK_CAPTURE_AUTORELEASING = YES;
				CLANG_WARN_BOOL_CONVERSION = YES;
				CLANG_WARN_COMMA = YES;
				CLANG_WARN_CONSTANT_CONVERSION = YES;
				CLANG_WARN_DEPRECATED_OBJC_IMPLEMENTATIONS = YES;
				CLANG_WARN_DIRECT_OBJC_ISA_USAGE = YES_ERROR;
				CLANG_WARN_DOCUMENTATION_COMMENTS = YES;
				CLANG_WARN_EMPTY_BODY = YES;
				CLANG_WARN_ENUM_CONVERSION = YES;
				CLANG_WARN_INFINITE_RECURSION = YES;
				CLANG_WARN_INT_CONVERSION = YES;
				CLANG_WARN_NON_LITERAL_NULL_CONVERSION = YES;
				CLANG_WARN_OBJC_IMPLICIT_RETAIN_SELF = YES;
				CLANG_WARN_OBJC_LITERAL_CONVERSION = YES;
				CLANG_WARN_OBJC_ROOT_CLASS = YES_ERROR;
				CLANG_WARN_QUOTED_INCLUDE_IN_FRAMEWORK_HEADER = YES;
				CLANG_WARN_RANGE_LOOP_ANALYSIS = YES;
				CLANG_WARN_STRICT_PROTOTYPES = YES;
				CLANG_WARN_SUSPICIOUS_MOVE = YES;
				CLANG_WARN_UNGUARDED_AVAILABILITY = YES_AGGRESSIVE;
				CLANG_WARN_UNREACHABLE_CODE = YES;
				CLANG_WARN__DUPLICATE_METHOD_MATCH = YES;
				COPY_PHASE_STRIP = NO;
				DEBUG_INFORMATION_FORMAT = dwarf;
				ENABLE_STRICT_OBJC_MSGSEND = YES;
				ENABLE_TESTABILITY = YES;
				ENABLE_USER_SCRIPT_SANDBOXING = YES;
				GCC_C_LANGUAGE_STANDARD = gnu17;
				GCC_DYNAMIC_NO_PIC = NO;
				GCC_NO_COMMON_BLOCKS = YES;
				GCC_OPTIMIZATION_LEVEL = 0;
				GCC_PREPROCESSOR_DEFINITIONS = (
					"DEBUG=1",
					"$(inherited)",
				);
				GCC_WARN_64_TO_32_BIT_CONVERSION = YES;
				GCC_WARN_ABOUT_RETURN_TYPE = YES_ERROR;
				GCC_WARN_UNDECLARED_SELECTOR = YES;
				GCC_WARN_UNINITIALIZED_AUTOS = YES_AGGRESSIVE;
				GCC_WARN_UNUSED_FUNCTION = YES;
				GCC_WARN_UNUSED_VARIABLE = YES;
				IPHONEOS_DEPLOYMENT_TARGET = 17.2;
				LOCALIZATION_PREFERS_STRING_CATALOGS = YES;
				MTL_ENABLE_DEBUG_INFO = INCLUDE_SOURCE;
				MTL_FAST_MATH = YES;
				ONLY_ACTIVE_ARCH = YES;
				SDKROOT = iphoneos;
				SWIFT_ACTIVE_COMPILATION_CONDITIONS = "DEBUG $(inherited)";
				SWIFT_OPTIMIZATION_LEVEL = "-Onone";
			};
			name = Debug;
		};
		95C93F9F2BCE6CA200260823 /* Release */ = {
			isa = XCBuildConfiguration;
			buildSettings = {
				ALWAYS_SEARCH_USER_PATHS = NO;
				ASSETCATALOG_COMPILER_GENERATE_SWIFT_ASSET_SYMBOL_EXTENSIONS = YES;
				CLANG_ANALYZER_NONNULL = YES;
				CLANG_ANALYZER_NUMBER_OBJECT_CONVERSION = YES_AGGRESSIVE;
				CLANG_CXX_LANGUAGE_STANDARD = "gnu++20";
				CLANG_ENABLE_MODULES = YES;
				CLANG_ENABLE_OBJC_ARC = YES;
				CLANG_ENABLE_OBJC_WEAK = YES;
				CLANG_WARN_BLOCK_CAPTURE_AUTORELEASING = YES;
				CLANG_WARN_BOOL_CONVERSION = YES;
				CLANG_WARN_COMMA = YES;
				CLANG_WARN_CONSTANT_CONVERSION = YES;
				CLANG_WARN_DEPRECATED_OBJC_IMPLEMENTATIONS = YES;
				CLANG_WARN_DIRECT_OBJC_ISA_USAGE = YES_ERROR;
				CLANG_WARN_DOCUMENTATION_COMMENTS = YES;
				CLANG_WARN_EMPTY_BODY = YES;
				CLANG_WARN_ENUM_CONVERSION = YES;
				CLANG_WARN_INFINITE_RECURSION = YES;
				CLANG_WARN_INT_CONVERSION = YES;
				CLANG_WARN_NON_LITERAL_NULL_CONVERSION = YES;
				CLANG_WARN_OBJC_IMPLICIT_RETAIN_SELF = YES;
				CLANG_WARN_OBJC_LITERAL_CONVERSION = YES;
				CLANG_WARN_OBJC_ROOT_CLASS = YES_ERROR;
				CLANG_WARN_QUOTED_INCLUDE_IN_FRAMEWORK_HEADER = YES;
				CLANG_WARN_RANGE_LOOP_ANALYSIS = YES;
				CLANG_WARN_STRICT_PROTOTYPES = YES;
				CLANG_WARN_SUSPICIOUS_MOVE = YES;
				CLANG_WARN_UNGUARDED_AVAILABILITY = YES_AGGRESSIVE;
				CLANG_WARN_UNREACHABLE_CODE = YES;
				CLANG_WARN__DUPLICATE_METHOD_MATCH = YES;
				COPY_PHASE_STRIP = NO;
				DEBUG_INFORMATION_FORMAT = "dwarf-with-dsym";
				ENABLE_NS_ASSERTIONS = NO;
				ENABLE_STRICT_OBJC_MSGSEND = YES;
				ENABLE_USER_SCRIPT_SANDBOXING = YES;
				GCC_C_LANGUAGE_STANDARD = gnu17;
				GCC_NO_COMMON_BLOCKS = YES;
				GCC_WARN_64_TO_32_BIT_CONVERSION = YES;
				GCC_WARN_ABOUT_RETURN_TYPE = YES_ERROR;
				GCC_WARN_UNDECLARED_SELECTOR = YES;
				GCC_WARN_UNINITIALIZED_AUTOS = YES_AGGRESSIVE;
				GCC_WARN_UNUSED_FUNCTION = YES;
				GCC_WARN_UNUSED_VARIABLE = YES;
				IPHONEOS_DEPLOYMENT_TARGET = 17.2;
				LOCALIZATION_PREFERS_STRING_CATALOGS = YES;
				MTL_ENABLE_DEBUG_INFO = NO;
				MTL_FAST_MATH = YES;
				SDKROOT = iphoneos;
				SWIFT_COMPILATION_MODE = wholemodule;
				VALIDATE_PRODUCT = YES;
			};
			name = Release;
		};
		95C93FA12BCE6CA200260823 /* Debug */ = {
			isa = XCBuildConfiguration;
			buildSettings = {
				ASSETCATALOG_COMPILER_APPICON_NAME = AppIcon;
				ASSETCATALOG_COMPILER_GLOBAL_ACCENT_COLOR_NAME = AccentColor;
				CODE_SIGN_STYLE = Automatic;
				CURRENT_PROJECT_VERSION = 1;
				DEVELOPMENT_ASSET_PATHS = "\"NC1_App_final/Preview Content\"";
				DEVELOPMENT_TEAM = L72ZFX76S7;
				ENABLE_PREVIEWS = YES;
				GENERATE_INFOPLIST_FILE = YES;
				INFOPLIST_KEY_UIApplicationSceneManifest_Generation = YES;
				INFOPLIST_KEY_UIApplicationSupportsIndirectInputEvents = YES;
				INFOPLIST_KEY_UILaunchScreen_Generation = YES;
				INFOPLIST_KEY_UISupportedInterfaceOrientations_iPad = "UIInterfaceOrientationPortrait UIInterfaceOrientationPortraitUpsideDown UIInterfaceOrientationLandscapeLeft UIInterfaceOrientationLandscapeRight";
				INFOPLIST_KEY_UISupportedInterfaceOrientations_iPhone = "UIInterfaceOrientationPortrait UIInterfaceOrientationLandscapeLeft UIInterfaceOrientationLandscapeRight";
				IPHONEOS_DEPLOYMENT_TARGET = 17.0;
				LD_RUNPATH_SEARCH_PATHS = (
					"$(inherited)",
					"@executable_path/Frameworks",
				);
				MARKETING_VERSION = 1.0;
				PRODUCT_BUNDLE_IDENTIFIER = "com.tina.NC1-App-final";
				PRODUCT_NAME = "$(TARGET_NAME)";
				SWIFT_EMIT_LOC_STRINGS = YES;
				SWIFT_VERSION = 5.0;
				TARGETED_DEVICE_FAMILY = "1,2";
			};
			name = Debug;
		};
		95C93FA22BCE6CA200260823 /* Release */ = {
			isa = XCBuildConfiguration;
			buildSettings = {
				ASSETCATALOG_COMPILER_APPICON_NAME = AppIcon;
				ASSETCATALOG_COMPILER_GLOBAL_ACCENT_COLOR_NAME = AccentColor;
				CODE_SIGN_STYLE = Automatic;
				CURRENT_PROJECT_VERSION = 1;
				DEVELOPMENT_ASSET_PATHS = "\"NC1_App_final/Preview Content\"";
				DEVELOPMENT_TEAM = L72ZFX76S7;
				ENABLE_PREVIEWS = YES;
				GENERATE_INFOPLIST_FILE = YES;
				INFOPLIST_KEY_UIApplicationSceneManifest_Generation = YES;
				INFOPLIST_KEY_UIApplicationSupportsIndirectInputEvents = YES;
				INFOPLIST_KEY_UILaunchScreen_Generation = YES;
				INFOPLIST_KEY_UISupportedInterfaceOrientations_iPad = "UIInterfaceOrientationPortrait UIInterfaceOrientationPortraitUpsideDown UIInterfaceOrientationLandscapeLeft UIInterfaceOrientationLandscapeRight";
				INFOPLIST_KEY_UISupportedInterfaceOrientations_iPhone = "UIInterfaceOrientationPortrait UIInterfaceOrientationLandscapeLeft UIInterfaceOrientationLandscapeRight";
				IPHONEOS_DEPLOYMENT_TARGET = 17.0;
				LD_RUNPATH_SEARCH_PATHS = (
					"$(inherited)",
					"@executable_path/Frameworks",
				);
				MARKETING_VERSION = 1.0;
				PRODUCT_BUNDLE_IDENTIFIER = "com.tina.NC1-App-final";
				PRODUCT_NAME = "$(TARGET_NAME)";
				SWIFT_EMIT_LOC_STRINGS = YES;
				SWIFT_VERSION = 5.0;
				TARGETED_DEVICE_FAMILY = "1,2";
			};
			name = Release;
		};
		95C93FA42BCE6CA200260823 /* Debug */ = {
			isa = XCBuildConfiguration;
			buildSettings = {
				ALWAYS_EMBED_SWIFT_STANDARD_LIBRARIES = YES;
				BUNDLE_LOADER = "$(TEST_HOST)";
				CODE_SIGN_STYLE = Automatic;
				CURRENT_PROJECT_VERSION = 1;
				GENERATE_INFOPLIST_FILE = YES;
				IPHONEOS_DEPLOYMENT_TARGET = 17.2;
				MARKETING_VERSION = 1.0;
				PRODUCT_BUNDLE_IDENTIFIER = "com.tina.NC1-App-finalTests";
				PRODUCT_NAME = "$(TARGET_NAME)";
				SWIFT_EMIT_LOC_STRINGS = NO;
				SWIFT_VERSION = 5.0;
				TARGETED_DEVICE_FAMILY = "1,2";
				TEST_HOST = "$(BUILT_PRODUCTS_DIR)/NC1_App_final.app/$(BUNDLE_EXECUTABLE_FOLDER_PATH)/NC1_App_final";
			};
			name = Debug;
		};
		95C93FA52BCE6CA200260823 /* Release */ = {
			isa = XCBuildConfiguration;
			buildSettings = {
				ALWAYS_EMBED_SWIFT_STANDARD_LIBRARIES = YES;
				BUNDLE_LOADER = "$(TEST_HOST)";
				CODE_SIGN_STYLE = Automatic;
				CURRENT_PROJECT_VERSION = 1;
				GENERATE_INFOPLIST_FILE = YES;
				IPHONEOS_DEPLOYMENT_TARGET = 17.2;
				MARKETING_VERSION = 1.0;
				PRODUCT_BUNDLE_IDENTIFIER = "com.tina.NC1-App-finalTests";
				PRODUCT_NAME = "$(TARGET_NAME)";
				SWIFT_EMIT_LOC_STRINGS = NO;
				SWIFT_VERSION = 5.0;
				TARGETED_DEVICE_FAMILY = "1,2";
				TEST_HOST = "$(BUILT_PRODUCTS_DIR)/NC1_App_final.app/$(BUNDLE_EXECUTABLE_FOLDER_PATH)/NC1_App_final";
			};
			name = Release;
		};
		95C93FA72BCE6CA200260823 /* Debug */ = {
			isa = XCBuildConfiguration;
			buildSettings = {
				ALWAYS_EMBED_SWIFT_STANDARD_LIBRARIES = YES;
				CODE_SIGN_STYLE = Automatic;
				CURRENT_PROJECT_VERSION = 1;
				GENERATE_INFOPLIST_FILE = YES;
				MARKETING_VERSION = 1.0;
				PRODUCT_BUNDLE_IDENTIFIER = "com.tina.NC1-App-finalUITests";
				PRODUCT_NAME = "$(TARGET_NAME)";
				SWIFT_EMIT_LOC_STRINGS = NO;
				SWIFT_VERSION = 5.0;
				TARGETED_DEVICE_FAMILY = "1,2";
				TEST_TARGET_NAME = NC1_App_final;
			};
			name = Debug;
		};
		95C93FA82BCE6CA200260823 /* Release */ = {
			isa = XCBuildConfiguration;
			buildSettings = {
				ALWAYS_EMBED_SWIFT_STANDARD_LIBRARIES = YES;
				CODE_SIGN_STYLE = Automatic;
				CURRENT_PROJECT_VERSION = 1;
				GENERATE_INFOPLIST_FILE = YES;
				MARKETING_VERSION = 1.0;
				PRODUCT_BUNDLE_IDENTIFIER = "com.tina.NC1-App-finalUITests";
				PRODUCT_NAME = "$(TARGET_NAME)";
				SWIFT_EMIT_LOC_STRINGS = NO;
				SWIFT_VERSION = 5.0;
				TARGETED_DEVICE_FAMILY = "1,2";
				TEST_TARGET_NAME = NC1_App_final;
			};
			name = Release;
		};
/* End XCBuildConfiguration section */

/* Begin XCConfigurationList section */
		95C93F772BCE6CA100260823 /* Build configuration list for PBXProject "NC1_App_final" */ = {
			isa = XCConfigurationList;
			buildConfigurations = (
				95C93F9E2BCE6CA200260823 /* Debug */,
				95C93F9F2BCE6CA200260823 /* Release */,
			);
			defaultConfigurationIsVisible = 0;
			defaultConfigurationName = Release;
		};
		95C93FA02BCE6CA200260823 /* Build configuration list for PBXNativeTarget "NC1_App_final" */ = {
			isa = XCConfigurationList;
			buildConfigurations = (
				95C93FA12BCE6CA200260823 /* Debug */,
				95C93FA22BCE6CA200260823 /* Release */,
			);
			defaultConfigurationIsVisible = 0;
			defaultConfigurationName = Release;
		};
		95C93FA32BCE6CA200260823 /* Build configuration list for PBXNativeTarget "NC1_App_finalTests" */ = {
			isa = XCConfigurationList;
			buildConfigurations = (
				95C93FA42BCE6CA200260823 /* Debug */,
				95C93FA52BCE6CA200260823 /* Release */,
			);
			defaultConfigurationIsVisible = 0;
			defaultConfigurationName = Release;
		};
		95C93FA62BCE6CA200260823 /* Build configuration list for PBXNativeTarget "NC1_App_finalUITests" */ = {
			isa = XCConfigurationList;
			buildConfigurations = (
				95C93FA72BCE6CA200260823 /* Debug */,
				95C93FA82BCE6CA200260823 /* Release */,
			);
			defaultConfigurationIsVisible = 0;
			defaultConfigurationName = Release;
		};
/* End XCConfigurationList section */
	};
	rootObject = 95C93F742BCE6CA100260823 /* Project object */;
}
